
Microsoft Visual Studio Solution File, Format Version 12.00
# Visual Studio 15
VisualStudioVersion = 15.0.28010.0
MinimumVisualStudioVersion = 10.0.40219.1
Project("{FAE04EC0-301F-11D3-BF4B-00C04F79EFBC}") = "ToDoAppFall18", "ToDoAppFall18\ToDoAppFall18.csproj", "{798C6564-8193-4F1C-B754-15E5D8E96F3C}"
EndProject
Project("{FAE04EC0-301F-11D3-BF4B-00C04F79EFBC}") = "ToDoAppFall18.Tests", "ToDoAppFall18.Tests\ToDoAppFall18.Tests.csproj", "{BED0B58D-775D-444C-9A64-A1533877DF6E}"
EndProject
Global
	GlobalSection(SolutionConfigurationPlatforms) = preSolution
		Debug|Any CPU = Debug|Any CPU
		Release|Any CPU = Release|Any CPU
	EndGlobalSection
	GlobalSection(ProjectConfigurationPlatforms) = postSolution
		{798C6564-8193-4F1C-B754-15E5D8E96F3C}.Debug|Any CPU.ActiveCfg = Debug|Any CPU
		{798C6564-8193-4F1C-B754-15E5D8E96F3C}.Debug|Any CPU.Build.0 = Debug|Any CPU
		{798C6564-8193-4F1C-B754-15E5D8E96F3C}.Release|Any CPU.ActiveCfg = Release|Any CPU
		{798C6564-8193-4F1C-B754-15E5D8E96F3C}.Release|Any CPU.Build.0 = Release|Any CPU
		{BED0B58D-775D-444C-9A64-A1533877DF6E}.Debug|Any CPU.ActiveCfg = Debug|Any CPU
		{BED0B58D-775D-444C-9A64-A1533877DF6E}.Debug|Any CPU.Build.0 = Debug|Any CPU
		{BED0B58D-775D-444C-9A64-A1533877DF6E}.Release|Any CPU.ActiveCfg = Release|Any CPU
		{BED0B58D-775D-444C-9A64-A1533877DF6E}.Release|Any CPU.Build.0 = Release|Any CPU
	EndGlobalSection
	GlobalSection(SolutionProperties) = preSolution
		HideSolutionNode = FALSE
	EndGlobalSection
	GlobalSection(ExtensibilityGlobals) = postSolution
		SolutionGuid = {26647D08-6946-4B1C-865A-A828D8423B0C}
	EndGlobalSection
EndGlobal
